
Microsoft Visual Studio Solution File, Format Version 12.00
# Visual Studio 15
VisualStudioVersion = 15.0.27130.2010
MinimumVisualStudioVersion = 10.0.40219.1
Project("{8BC9CEB8-8B4A-11D0-8D11-00A0C91BC942}") = "TheClock", "TheClock\TheClock.vcxproj", "{59372E01-5B45-4335-9B77-5C0FE284B419}"
EndProject
Global
	GlobalSection(SolutionConfigurationPlatforms) = preSolution
		Debug|x64 = Debug|x64
		Debug|x86 = Debug|x86
		Release|x64 = Release|x64
		Release|x86 = Release|x86
	EndGlobalSection
	GlobalSection(ProjectConfigurationPlatforms) = postSolution
		{59372E01-5B45-4335-9B77-5C0FE284B419}.Debug|x64.ActiveCfg = Debug|x64
		{59372E01-5B45-4335-9B77-5C0FE284B419}.Debug|x64.Build.0 = Debug|x64
		{59372E01-5B45-4335-9B77-5C0FE284B419}.Debug|x86.ActiveCfg = Debug|Win32
		{59372E01-5B45-4335-9B77-5C0FE284B419}.Debug|x86.Build.0 = Debug|Win32
		{59372E01-5B45-4335-9B77-5C0FE284B419}.Release|x64.ActiveCfg = Release|x64
		{59372E01-5B45-4335-9B77-5C0FE284B419}.Release|x64.Build.0 = Release|x64
		{59372E01-5B45-4335-9B77-5C0FE284B419}.Release|x86.ActiveCfg = Release|Win32
		{59372E01-5B45-4335-9B77-5C0FE284B419}.Release|x86.Build.0 = Release|Win32
	EndGlobalSection
	GlobalSection(SolutionProperties) = preSolution
		HideSolutionNode = FALSE
	EndGlobalSection
	GlobalSection(ExtensibilityGlobals) = postSolution
		SolutionGuid = {C1330658-C46D-4683-B43D-7D3669A75707}
	EndGlobalSection
EndGlobal
